
Microsoft Visual Studio Solution File, Format Version 12.00
# Visual Studio Version 16
VisualStudioVersion = 16.0.29905.134
MinimumVisualStudioVersion = 10.0.40219.1
Project("{9A19103F-16F7-4668-BE54-9A1E7A4F7556}") = "EosTestApi", "EosTestApi\EosTestApi.csproj", "{4615C5F9-A473-4C35-93CF-51D8D236D608}"
EndProject
Project("{9A19103F-16F7-4668-BE54-9A1E7A4F7556}") = "Eos.Abstracts", "Eos.Abstracts\Eos.Abstracts.csproj", "{950652C0-AF6E-47FC-92E8-1976747BFDB1}"
EndProject
Project("{9A19103F-16F7-4668-BE54-9A1E7A4F7556}") = "Eos.Data.EF", "Eos.Data.EF\Eos.Data.EF.csproj", "{6101F3FD-0A47-4218-A523-31C78A745936}"
EndProject
Project("{9A19103F-16F7-4668-BE54-9A1E7A4F7556}") = "Eos.Data", "Eos.Data\Eos.Data.csproj", "{E5910A3E-73BA-474B-9BB6-DF55E36F491F}"
EndProject
Project("{9A19103F-16F7-4668-BE54-9A1E7A4F7556}") = "Eos.Bl", "Eos.Bl\Eos.Bl.csproj", "{3C2BA5B2-34C7-481F-B294-6B3321C819DA}"
EndProject
Project("{9A19103F-16F7-4668-BE54-9A1E7A4F7556}") = "Eos.Tests", "Eos.Tests\Eos.Tests.csproj", "{C222B1D2-D852-4216-A380-D4D7CB19E805}"
EndProject
Project("{2150E333-8FDC-42A3-9474-1A3956D46DE8}") = "Misc", "Misc", "{E123A0BB-FA0C-4C3D-9E50-C12114D8C048}"
EndProject
Project("{9A19103F-16F7-4668-BE54-9A1E7A4F7556}") = "Eos.AsposeTest", "Eos.AsposeTest\Eos.AsposeTest.csproj", "{9CF2BEAC-5B2D-4BC1-B01D-FBEE85275D1E}"
EndProject
Project("{FAE04EC0-301F-11D3-BF4B-00C04F79EFBC}") = "Eos.AsposeTest.FW", "Eos.AsposeTest.FW\Eos.AsposeTest.FW.csproj", "{94A4F735-BFC4-4059-9924-577B439A36FA}"
EndProject
Global
	GlobalSection(SolutionConfigurationPlatforms) = preSolution
		Debug|Any CPU = Debug|Any CPU
		Release|Any CPU = Release|Any CPU
	EndGlobalSection
	GlobalSection(ProjectConfigurationPlatforms) = postSolution
		{4615C5F9-A473-4C35-93CF-51D8D236D608}.Debug|Any CPU.ActiveCfg = Debug|Any CPU
		{4615C5F9-A473-4C35-93CF-51D8D236D608}.Debug|Any CPU.Build.0 = Debug|Any CPU
		{4615C5F9-A473-4C35-93CF-51D8D236D608}.Release|Any CPU.ActiveCfg = Release|Any CPU
		{4615C5F9-A473-4C35-93CF-51D8D236D608}.Release|Any CPU.Build.0 = Release|Any CPU
		{950652C0-AF6E-47FC-92E8-1976747BFDB1}.Debug|Any CPU.ActiveCfg = Debug|Any CPU
		{950652C0-AF6E-47FC-92E8-1976747BFDB1}.Debug|Any CPU.Build.0 = Debug|Any CPU
		{950652C0-AF6E-47FC-92E8-1976747BFDB1}.Release|Any CPU.ActiveCfg = Release|Any CPU
		{950652C0-AF6E-47FC-92E8-1976747BFDB1}.Release|Any CPU.Build.0 = Release|Any CPU
		{6101F3FD-0A47-4218-A523-31C78A745936}.Debug|Any CPU.ActiveCfg = Debug|Any CPU
		{6101F3FD-0A47-4218-A523-31C78A745936}.Debug|Any CPU.Build.0 = Debug|Any CPU
		{6101F3FD-0A47-4218-A523-31C78A745936}.Release|Any CPU.ActiveCfg = Release|Any CPU
		{6101F3FD-0A47-4218-A523-31C78A745936}.Release|Any CPU.Build.0 = Release|Any CPU
		{E5910A3E-73BA-474B-9BB6-DF55E36F491F}.Debug|Any CPU.ActiveCfg = Debug|Any CPU
		{E5910A3E-73BA-474B-9BB6-DF55E36F491F}.Debug|Any CPU.Build.0 = Debug|Any CPU
		{E5910A3E-73BA-474B-9BB6-DF55E36F491F}.Release|Any CPU.ActiveCfg = Release|Any CPU
		{E5910A3E-73BA-474B-9BB6-DF55E36F491F}.Release|Any CPU.Build.0 = Release|Any CPU
		{3C2BA5B2-34C7-481F-B294-6B3321C819DA}.Debug|Any CPU.ActiveCfg = Debug|Any CPU
		{3C2BA5B2-34C7-481F-B294-6B3321C819DA}.Debug|Any CPU.Build.0 = Debug|Any CPU
		{3C2BA5B2-34C7-481F-B294-6B3321C819DA}.Release|Any CPU.ActiveCfg = Release|Any CPU
		{3C2BA5B2-34C7-481F-B294-6B3321C819DA}.Release|Any CPU.Build.0 = Release|Any CPU
		{C222B1D2-D852-4216-A380-D4D7CB19E805}.Debug|Any CPU.ActiveCfg = Debug|Any CPU
		{C222B1D2-D852-4216-A380-D4D7CB19E805}.Debug|Any CPU.Build.0 = Debug|Any CPU
		{C222B1D2-D852-4216-A380-D4D7CB19E805}.Release|Any CPU.ActiveCfg = Release|Any CPU
		{C222B1D2-D852-4216-A380-D4D7CB19E805}.Release|Any CPU.Build.0 = Release|Any CPU
		{9CF2BEAC-5B2D-4BC1-B01D-FBEE85275D1E}.Debug|Any CPU.ActiveCfg = Debug|Any CPU
		{9CF2BEAC-5B2D-4BC1-B01D-FBEE85275D1E}.Debug|Any CPU.Build.0 = Debug|Any CPU
		{9CF2BEAC-5B2D-4BC1-B01D-FBEE85275D1E}.Release|Any CPU.ActiveCfg = Release|Any CPU
		{9CF2BEAC-5B2D-4BC1-B01D-FBEE85275D1E}.Release|Any CPU.Build.0 = Release|Any CPU
		{94A4F735-BFC4-4059-9924-577B439A36FA}.Debug|Any CPU.ActiveCfg = Debug|Any CPU
		{94A4F735-BFC4-4059-9924-577B439A36FA}.Debug|Any CPU.Build.0 = Debug|Any CPU
		{94A4F735-BFC4-4059-9924-577B439A36FA}.Release|Any CPU.ActiveCfg = Release|Any CPU
		{94A4F735-BFC4-4059-9924-577B439A36FA}.Release|Any CPU.Build.0 = Release|Any CPU
	EndGlobalSection
	GlobalSection(SolutionProperties) = preSolution
		HideSolutionNode = FALSE
	EndGlobalSection
	GlobalSection(NestedProjects) = preSolution
		{9CF2BEAC-5B2D-4BC1-B01D-FBEE85275D1E} = {E123A0BB-FA0C-4C3D-9E50-C12114D8C048}
		{94A4F735-BFC4-4059-9924-577B439A36FA} = {E123A0BB-FA0C-4C3D-9E50-C12114D8C048}
	EndGlobalSection
	GlobalSection(ExtensibilityGlobals) = postSolution
		SolutionGuid = {9901980A-3CA1-4BE8-A1FF-1D358A1280AC}
	EndGlobalSection
EndGlobal
